// !$*UTF8*$!
{
	archiveVersion = 1;
	classes = {
	};
	objectVersion = 46;
	objects = {

/* Begin PBXBuildFile section */
		271FB0C31CE5B4740023011F /* main.cpp in Sources */ = {isa = PBXBuildFile; fileRef = 271FB0C21CE5B4740023011F /* main.cpp */; };
		271FB0CA1CE5B4C30023011F /* OpenGL.framework in Frameworks */ = {isa = PBXBuildFile; fileRef = 271FB0C91CE5B4C30023011F /* OpenGL.framework */; };
		271FB0CC1CE5B4CB0023011F /* GLUT.framework in Frameworks */ = {isa = PBXBuildFile; fileRef = 271FB0CB1CE5B4CB0023011F /* GLUT.framework */; };
		271FB0CF1CE5B5A50023011F /* Score.cpp in Sources */ = {isa = PBXBuildFile; fileRef = 271FB0CD1CE5B5A50023011F /* Score.cpp */; };
		271FB0D21CE5B7E80023011F /* View.cpp in Sources */ = {isa = PBXBuildFile; fileRef = 271FB0D01CE5B7E80023011F /* View.cpp */; };
/* End PBXBuildFile section */

/* Begin PBXCopyFilesBuildPhase section */
		271FB0BD1CE5B4740023011F /* CopyFiles */ = {
			isa = PBXCopyFilesBuildPhase;
			buildActionMask = 2147483647;
			dstPath = /usr/share/man/man1/;
			dstSubfolderSpec = 0;
			files = (
			);
			runOnlyForDeploymentPostprocessing = 1;
		};
/* End PBXCopyFilesBuildPhase section */

/* Begin PBXFileReference section */
		271FB0BF1CE5B4740023011F /* ScoreClassGL */ = {isa = PBXFileReference; explicitFileType = "compiled.mach-o.executable"; includeInIndex = 0; path = ScoreClassGL; sourceTree = BUILT_PRODUCTS_DIR; };
		271FB0C21CE5B4740023011F /* main.cpp */ = {isa = PBXFileReference; lastKnownFileType = sourcecode.cpp.cpp; path = main.cpp; sourceTree = "<group>"; };
		271FB0C91CE5B4C30023011F /* OpenGL.framework */ = {isa = PBXFileReference; lastKnownFileType = wrapper.framework; name = OpenGL.framework; path = System/Library/Frameworks/OpenGL.framework; sourceTree = SDKROOT; };
		271FB0CB1CE5B4CB0023011F /* GLUT.framework */ = {isa = PBXFileReference; lastKnownFileType = wrapper.framework; name = GLUT.framework; path = System/Library/Frameworks/GLUT.framework; sourceTree = SDKROOT; };
		271FB0CD1CE5B5A50023011F /* Score.cpp */ = {isa = PBXFileReference; fileEncoding = 4; lastKnownFileType = sourcecode.cpp.cpp; path = Score.cpp; sourceTree = "<group>"; };
		271FB0CE1CE5B5A50023011F /* Score.hpp */ = {isa = PBXFileReference; fileEncoding = 4; lastKnownFileType = sourcecode.cpp.h; path = Score.hpp; sourceTree = "<group>"; };
		271FB0D01CE5B7E80023011F /* View.cpp */ = {isa = PBXFileReference; fileEncoding = 4; lastKnownFileType = sourcecode.cpp.cpp; path = View.cpp; sourceTree = "<group>"; };
		271FB0D11CE5B7E80023011F /* View.hpp */ = {isa = PBXFileReference; fileEncoding = 4; lastKnownFileType = sourcecode.cpp.h; path = View.hpp; sourceTree = "<group>"; };
/* End PBXFileReference section */

/* Begin PBXFrameworksBuildPhase section */
		271FB0BC1CE5B4740023011F /* Frameworks */ = {
			isa = PBXFrameworksBuildPhase;
			buildActionMask = 2147483647;
			files = (
				271FB0CC1CE5B4CB0023011F /* GLUT.framework in Frameworks */,
				271FB0CA1CE5B4C30023011F /* OpenGL.framework in Frameworks */,
			);
			runOnlyForDeploymentPostprocessing = 0;
		};
/* End PBXFrameworksBuildPhase section */

/* Begin PBXGroup section */
		271FB0B61CE5B4740023011F = {
			isa = PBXGroup;
			children = (
				271FB0CB1CE5B4CB0023011F /* GLUT.framework */,
				271FB0C91CE5B4C30023011F /* OpenGL.framework */,
				271FB0C11CE5B4740023011F /* ScoreClassGL */,
				271FB0C01CE5B4740023011F /* Products */,
			);
			sourceTree = "<group>";
		};
		271FB0C01CE5B4740023011F /* Products */ = {
			isa = PBXGroup;
			children = (
				271FB0BF1CE5B4740023011F /* ScoreClassGL */,
			);
			name = Products;
			sourceTree = "<group>";
		};
		271FB0C11CE5B4740023011F /* ScoreClassGL */ = {
			isa = PBXGroup;
			children = (
				271FB0C21CE5B4740023011F /* main.cpp */,
				271FB0CD1CE5B5A50023011F /* Score.cpp */,
				271FB0CE1CE5B5A50023011F /* Score.hpp */,
				271FB0D01CE5B7E80023011F /* View.cpp */,
				271FB0D11CE5B7E80023011F /* View.hpp */,
			);
			path = ScoreClassGL;
			sourceTree = "<group>";
		};
/* End PBXGroup section */

/* Begin PBXNativeTarget section */
		271FB0BE1CE5B4740023011F /* ScoreClassGL */ = {
			isa = PBXNativeTarget;
			buildConfigurationList = 271FB0C61CE5B4740023011F /* Build configuration list for PBXNativeTarget "ScoreClassGL" */;
			buildPhases = (
				271FB0BB1CE5B4740023011F /* Sources */,
				271FB0BC1CE5B4740023011F /* Frameworks */,
				271FB0BD1CE5B4740023011F /* CopyFiles */,
			);
			buildRules = (
			);
			dependencies = (
			);
			name = ScoreClassGL;
			productName = ScoreClassGL;
			productReference = 271FB0BF1CE5B4740023011F /* ScoreClassGL */;
			productType = "com.apple.product-type.tool";
		};
/* End PBXNativeTarget section */

/* Begin PBXProject section */
		271FB0B71CE5B4740023011F /* Project object */ = {
			isa = PBXProject;
			attributes = {
				LastUpgradeCheck = 0730;
				ORGANIZATIONNAME = "Laura del Pino Díaz";
				TargetAttributes = {
					271FB0BE1CE5B4740023011F = {
						CreatedOnToolsVersion = 7.3.1;
					};
				};
			};
			buildConfigurationList = 271FB0BA1CE5B4740023011F /* Build configuration list for PBXProject "ScoreClassGL" */;
			compatibilityVersion = "Xcode 3.2";
			developmentRegion = English;
			hasScannedForEncodings = 0;
			knownRegions = (
				en,
			);
			mainGroup = 271FB0B61CE5B4740023011F;
			productRefGroup = 271FB0C01CE5B4740023011F /* Products */;
			projectDirPath = "";
			projectRoot = "";
			targets = (
				271FB0BE1CE5B4740023011F /* ScoreClassGL */,
			);
		};
/* End PBXProject section */

/* Begin PBXSourcesBuildPhase section */
		271FB0BB1CE5B4740023011F /* Sources */ = {
			isa = PBXSourcesBuildPhase;
			buildActionMask = 2147483647;
			files = (
				271FB0D21CE5B7E80023011F /* View.cpp in Sources */,
				271FB0CF1CE5B5A50023011F /* Score.cpp in Sources */,
				271FB0C31CE5B4740023011F /* main.cpp in Sources */,
			);
			runOnlyForDeploymentPostprocessing = 0;
		};
/* End PBXSourcesBuildPhase section */

/* Begin XCBuildConfiguration section */
		271FB0C41CE5B4740023011F /* Debug */ = {
			isa = XCBuildConfiguration;
			buildSettings = {
				ALWAYS_SEARCH_USER_PATHS = NO;
				CLANG_ANALYZER_NONNULL = YES;
				CLANG_CXX_LANGUAGE_STANDARD = "gnu++0x";
				CLANG_CXX_LIBRARY = "libc++";
				CLANG_ENABLE_MODULES = YES;
				CLANG_ENABLE_OBJC_ARC = YES;
				CLANG_WARN_BOOL_CONVERSION = YES;
				CLANG_WARN_CONSTANT_CONVERSION = YES;
				CLANG_WARN_DIRECT_OBJC_ISA_USAGE = YES_ERROR;
				CLANG_WARN_EMPTY_BODY = YES;
				CLANG_WARN_ENUM_CONVERSION = YES;
				CLANG_WARN_INT_CONVERSION = YES;
				CLANG_WARN_OBJC_ROOT_CLASS = YES_ERROR;
				CLANG_WARN_UNREACHABLE_CODE = YES;
				CLANG_WARN__DUPLICATE_METHOD_MATCH = YES;
				CODE_SIGN_IDENTITY = "-";
				COPY_PHASE_STRIP = NO;
				DEBUG_INFORMATION_FORMAT = dwarf;
				ENABLE_STRICT_OBJC_MSGSEND = YES;
				ENABLE_TESTABILITY = YES;
				GCC_C_LANGUAGE_STANDARD = gnu99;
				GCC_DYNAMIC_NO_PIC = NO;
				GCC_NO_COMMON_BLOCKS = YES;
				GCC_OPTIMIZATION_LEVEL = 0;
				GCC_PREPROCESSOR_DEFINITIONS = (
					"DEBUG=1",
					"$(inherited)",
				);
				GCC_WARN_64_TO_32_BIT_CONVERSION = YES;
				GCC_WARN_ABOUT_RETURN_TYPE = YES_ERROR;
				GCC_WARN_UNDECLARED_SELECTOR = YES;
				GCC_WARN_UNINITIALIZED_AUTOS = YES_AGGRESSIVE;
				GCC_WARN_UNUSED_FUNCTION = YES;
				GCC_WARN_UNUSED_VARIABLE = YES;
				MACOSX_DEPLOYMENT_TARGET = 10.11;
				MTL_ENABLE_DEBUG_INFO = YES;
				ONLY_ACTIVE_ARCH = YES;
				SDKROOT = macosx;
			};
			name = Debug;
		};
		271FB0C51CE5B4740023011F /* Release */ = {
			isa = XCBuildConfiguration;
			buildSettings = {
				ALWAYS_SEARCH_USER_PATHS = NO;
				CLANG_ANALYZER_NONNULL = YES;
				CLANG_CXX_LANGUAGE_STANDARD = "gnu++0x";
				CLANG_CXX_LIBRARY = "libc++";
				CLANG_ENABLE_MODULES = YES;
				CLANG_ENABLE_OBJC_ARC = YES;
				CLANG_WARN_BOOL_CONVERSION = YES;
				CLANG_WARN_CONSTANT_CONVERSION = YES;
				CLANG_WARN_DIRECT_OBJC_ISA_USAGE = YES_ERROR;
				CLANG_WARN_EMPTY_BODY = YES;
				CLANG_WARN_ENUM_CONVERSION = YES;
				CLANG_WARN_INT_CONVERSION = YES;
				CLANG_WARN_OBJC_ROOT_CLASS = YES_ERROR;
				CLANG_WARN_UNREACHABLE_CODE = YES;
				CLANG_WARN__DUPLICATE_METHOD_MATCH = YES;
				CODE_SIGN_IDENTITY = "-";
				COPY_PHASE_STRIP = NO;
				DEBUG_INFORMATION_FORMAT = "dwarf-with-dsym";
				ENABLE_NS_ASSERTIONS = NO;
				ENABLE_STRICT_OBJC_MSGSEND = YES;
				GCC_C_LANGUAGE_STANDARD = gnu99;
				GCC_NO_COMMON_BLOCKS = YES;
				GCC_WARN_64_TO_32_BIT_CONVERSION = YES;
				GCC_WARN_ABOUT_RETURN_TYPE = YES_ERROR;
				GCC_WARN_UNDECLARED_SELECTOR = YES;
				GCC_WARN_UNINITIALIZED_AUTOS = YES_AGGRESSIVE;
				GCC_WARN_UNUSED_FUNCTION = YES;
				GCC_WARN_UNUSED_VARIABLE = YES;
				MACOSX_DEPLOYMENT_TARGET = 10.11;
				MTL_ENABLE_DEBUG_INFO = NO;
				SDKROOT = macosx;
			};
			name = Release;
		};
		271FB0C71CE5B4740023011F /* Debug */ = {
			isa = XCBuildConfiguration;
			buildSettings = {
				PRODUCT_NAME = "$(TARGET_NAME)";
			};
			name = Debug;
		};
		271FB0C81CE5B4740023011F /* Release */ = {
			isa = XCBuildConfiguration;
			buildSettings = {
				PRODUCT_NAME = "$(TARGET_NAME)";
			};
			name = Release;
		};
/* End XCBuildConfiguration section */

/* Begin XCConfigurationList section */
		271FB0BA1CE5B4740023011F /* Build configuration list for PBXProject "ScoreClassGL" */ = {
			isa = XCConfigurationList;
			buildConfigurations = (
				271FB0C41CE5B4740023011F /* Debug */,
				271FB0C51CE5B4740023011F /* Release */,
			);
			defaultConfigurationIsVisible = 0;
			defaultConfigurationName = Release;
		};
		271FB0C61CE5B4740023011F /* Build configuration list for PBXNativeTarget "ScoreClassGL" */ = {
			isa = XCConfigurationList;
			buildConfigurations = (
				271FB0C71CE5B4740023011F /* Debug */,
				271FB0C81CE5B4740023011F /* Release */,
			);
			defaultConfigurationIsVisible = 0;
		};
/* End XCConfigurationList section */
	};
	rootObject = 271FB0B71CE5B4740023011F /* Project object */;
}
